
Microsoft Visual Studio Solution File, Format Version 12.00
# Visual Studio Version 17
VisualStudioVersion = 17.0.31903.59
MinimumVisualStudioVersion = 10.0.40219.1
Project("{FAE04EC0-301F-11D3-BF4B-00C04F79EFBC}") = "FileIO", "FileI-O\FileIO.csproj", "{D3490028-763D-4AC2-8140-12D6DB049855}"
EndProject
Global
	GlobalSection(SolutionConfigurationPlatforms) = preSolution
		Debug|Any CPU = Debug|Any CPU
		Release|Any CPU = Release|Any CPU
	EndGlobalSection
	GlobalSection(ProjectConfigurationPlatforms) = postSolution
		{D3490028-763D-4AC2-8140-12D6DB049855}.Debug|Any CPU.ActiveCfg = Debug|Any CPU
		{D3490028-763D-4AC2-8140-12D6DB049855}.Debug|Any CPU.Build.0 = Debug|Any CPU
		{D3490028-763D-4AC2-8140-12D6DB049855}.Release|Any CPU.ActiveCfg = Release|Any CPU
		{D3490028-763D-4AC2-8140-12D6DB049855}.Release|Any CPU.Build.0 = Release|Any CPU
	EndGlobalSection
	GlobalSection(SolutionProperties) = preSolution
		HideSolutionNode = FALSE
	EndGlobalSection
	GlobalSection(ExtensibilityGlobals) = postSolution
		SolutionGuid = {A5A68CC2-86CE-42A1-80DF-ABED67223C48}
	EndGlobalSection
EndGlobal
